
Microsoft Visual Studio Solution File, Format Version 12.00
# Visual Studio Version 16
Project("{8BC9CEB8-8B4A-11D0-8D11-00A0C91BC942}") = "ALL_BUILD", "ALL_BUILD.vcxproj", "{FAB7F3B4-1FA2-3C30-87F3-E63199AAE9BC}"
	ProjectSection(ProjectDependencies) = postProject
		{BE915CE6-B2B6-39B1-A404-7A5982383581} = {BE915CE6-B2B6-39B1-A404-7A5982383581}
		{F84CF8F8-43C8-3C93-9689-062044C363B2} = {F84CF8F8-43C8-3C93-9689-062044C363B2}
		{7F0540BF-BA27-336B-9309-A17F98FDB047} = {7F0540BF-BA27-336B-9309-A17F98FDB047}
		{57F9ACB7-187E-3CAF-99F9-6CFB6A5F0F2E} = {57F9ACB7-187E-3CAF-99F9-6CFB6A5F0F2E}
		{A72BC558-AF25-3136-AEA0-3E885CB0798B} = {A72BC558-AF25-3136-AEA0-3E885CB0798B}
	EndProjectSection
EndProject
Project("{8BC9CEB8-8B4A-11D0-8D11-00A0C91BC942}") = "Arithmetic", "lib_arithmetic\Arithmetic.vcxproj", "{BE915CE6-B2B6-39B1-A404-7A5982383581}"
	ProjectSection(ProjectDependencies) = postProject
		{7F0540BF-BA27-336B-9309-A17F98FDB047} = {7F0540BF-BA27-336B-9309-A17F98FDB047}
	EndProjectSection
EndProject
Project("{8BC9CEB8-8B4A-11D0-8D11-00A0C91BC942}") = "Tests", "test\Tests.vcxproj", "{F84CF8F8-43C8-3C93-9689-062044C363B2}"
	ProjectSection(ProjectDependencies) = postProject
		{BE915CE6-B2B6-39B1-A404-7A5982383581} = {BE915CE6-B2B6-39B1-A404-7A5982383581}
		{7F0540BF-BA27-336B-9309-A17F98FDB047} = {7F0540BF-BA27-336B-9309-A17F98FDB047}
		{57F9ACB7-187E-3CAF-99F9-6CFB6A5F0F2E} = {57F9ACB7-187E-3CAF-99F9-6CFB6A5F0F2E}
	EndProjectSection
EndProject
Project("{8BC9CEB8-8B4A-11D0-8D11-00A0C91BC942}") = "ZERO_CHECK", "ZERO_CHECK.vcxproj", "{7F0540BF-BA27-336B-9309-A17F98FDB047}"
	ProjectSection(ProjectDependencies) = postProject
	EndProjectSection
EndProject
Project("{8BC9CEB8-8B4A-11D0-8D11-00A0C91BC942}") = "gtest", "gtest\gtest.vcxproj", "{57F9ACB7-187E-3CAF-99F9-6CFB6A5F0F2E}"
	ProjectSection(ProjectDependencies) = postProject
		{7F0540BF-BA27-336B-9309-A17F98FDB047} = {7F0540BF-BA27-336B-9309-A17F98FDB047}
	EndProjectSection
EndProject
Project("{8BC9CEB8-8B4A-11D0-8D11-00A0C91BC942}") = "main", "main\main.vcxproj", "{A72BC558-AF25-3136-AEA0-3E885CB0798B}"
	ProjectSection(ProjectDependencies) = postProject
		{BE915CE6-B2B6-39B1-A404-7A5982383581} = {BE915CE6-B2B6-39B1-A404-7A5982383581}
		{7F0540BF-BA27-336B-9309-A17F98FDB047} = {7F0540BF-BA27-336B-9309-A17F98FDB047}
	EndProjectSection
EndProject
Global
	GlobalSection(SolutionConfigurationPlatforms) = preSolution
		Debug|x64 = Debug|x64
		Release|x64 = Release|x64
		MinSizeRel|x64 = MinSizeRel|x64
		RelWithDebInfo|x64 = RelWithDebInfo|x64
	EndGlobalSection
	GlobalSection(ProjectConfigurationPlatforms) = postSolution
		{FAB7F3B4-1FA2-3C30-87F3-E63199AAE9BC}.Debug|x64.ActiveCfg = Debug|x64
		{FAB7F3B4-1FA2-3C30-87F3-E63199AAE9BC}.Release|x64.ActiveCfg = Release|x64
		{FAB7F3B4-1FA2-3C30-87F3-E63199AAE9BC}.MinSizeRel|x64.ActiveCfg = MinSizeRel|x64
		{FAB7F3B4-1FA2-3C30-87F3-E63199AAE9BC}.RelWithDebInfo|x64.ActiveCfg = RelWithDebInfo|x64
		{BE915CE6-B2B6-39B1-A404-7A5982383581}.Debug|x64.ActiveCfg = Debug|x64
		{BE915CE6-B2B6-39B1-A404-7A5982383581}.Debug|x64.Build.0 = Debug|x64
		{BE915CE6-B2B6-39B1-A404-7A5982383581}.Release|x64.ActiveCfg = Release|x64
		{BE915CE6-B2B6-39B1-A404-7A5982383581}.Release|x64.Build.0 = Release|x64
		{BE915CE6-B2B6-39B1-A404-7A5982383581}.MinSizeRel|x64.ActiveCfg = MinSizeRel|x64
		{BE915CE6-B2B6-39B1-A404-7A5982383581}.MinSizeRel|x64.Build.0 = MinSizeRel|x64
		{BE915CE6-B2B6-39B1-A404-7A5982383581}.RelWithDebInfo|x64.ActiveCfg = RelWithDebInfo|x64
		{BE915CE6-B2B6-39B1-A404-7A5982383581}.RelWithDebInfo|x64.Build.0 = RelWithDebInfo|x64
		{F84CF8F8-43C8-3C93-9689-062044C363B2}.Debug|x64.ActiveCfg = Debug|x64
		{F84CF8F8-43C8-3C93-9689-062044C363B2}.Debug|x64.Build.0 = Debug|x64
		{F84CF8F8-43C8-3C93-9689-062044C363B2}.Release|x64.ActiveCfg = Release|x64
		{F84CF8F8-43C8-3C93-9689-062044C363B2}.Release|x64.Build.0 = Release|x64
		{F84CF8F8-43C8-3C93-9689-062044C363B2}.MinSizeRel|x64.ActiveCfg = MinSizeRel|x64
		{F84CF8F8-43C8-3C93-9689-062044C363B2}.MinSizeRel|x64.Build.0 = MinSizeRel|x64
		{F84CF8F8-43C8-3C93-9689-062044C363B2}.RelWithDebInfo|x64.ActiveCfg = RelWithDebInfo|x64
		{F84CF8F8-43C8-3C93-9689-062044C363B2}.RelWithDebInfo|x64.Build.0 = RelWithDebInfo|x64
		{7F0540BF-BA27-336B-9309-A17F98FDB047}.Debug|x64.ActiveCfg = Debug|x64
		{7F0540BF-BA27-336B-9309-A17F98FDB047}.Debug|x64.Build.0 = Debug|x64
		{7F0540BF-BA27-336B-9309-A17F98FDB047}.Release|x64.ActiveCfg = Release|x64
		{7F0540BF-BA27-336B-9309-A17F98FDB047}.Release|x64.Build.0 = Release|x64
		{7F0540BF-BA27-336B-9309-A17F98FDB047}.MinSizeRel|x64.ActiveCfg = MinSizeRel|x64
		{7F0540BF-BA27-336B-9309-A17F98FDB047}.MinSizeRel|x64.Build.0 = MinSizeRel|x64
		{7F0540BF-BA27-336B-9309-A17F98FDB047}.RelWithDebInfo|x64.ActiveCfg = RelWithDebInfo|x64
		{7F0540BF-BA27-336B-9309-A17F98FDB047}.RelWithDebInfo|x64.Build.0 = RelWithDebInfo|x64
		{57F9ACB7-187E-3CAF-99F9-6CFB6A5F0F2E}.Debug|x64.ActiveCfg = Debug|x64
		{57F9ACB7-187E-3CAF-99F9-6CFB6A5F0F2E}.Debug|x64.Build.0 = Debug|x64
		{57F9ACB7-187E-3CAF-99F9-6CFB6A5F0F2E}.Release|x64.ActiveCfg = Release|x64
		{57F9ACB7-187E-3CAF-99F9-6CFB6A5F0F2E}.Release|x64.Build.0 = Release|x64
		{57F9ACB7-187E-3CAF-99F9-6CFB6A5F0F2E}.MinSizeRel|x64.ActiveCfg = MinSizeRel|x64
		{57F9ACB7-187E-3CAF-99F9-6CFB6A5F0F2E}.MinSizeRel|x64.Build.0 = MinSizeRel|x64
		{57F9ACB7-187E-3CAF-99F9-6CFB6A5F0F2E}.RelWithDebInfo|x64.ActiveCfg = RelWithDebInfo|x64
		{57F9ACB7-187E-3CAF-99F9-6CFB6A5F0F2E}.RelWithDebInfo|x64.Build.0 = RelWithDebInfo|x64
		{A72BC558-AF25-3136-AEA0-3E885CB0798B}.Debug|x64.ActiveCfg = Debug|x64
		{A72BC558-AF25-3136-AEA0-3E885CB0798B}.Debug|x64.Build.0 = Debug|x64
		{A72BC558-AF25-3136-AEA0-3E885CB0798B}.Release|x64.ActiveCfg = Release|x64
		{A72BC558-AF25-3136-AEA0-3E885CB0798B}.Release|x64.Build.0 = Release|x64
		{A72BC558-AF25-3136-AEA0-3E885CB0798B}.MinSizeRel|x64.ActiveCfg = MinSizeRel|x64
		{A72BC558-AF25-3136-AEA0-3E885CB0798B}.MinSizeRel|x64.Build.0 = MinSizeRel|x64
		{A72BC558-AF25-3136-AEA0-3E885CB0798B}.RelWithDebInfo|x64.ActiveCfg = RelWithDebInfo|x64
		{A72BC558-AF25-3136-AEA0-3E885CB0798B}.RelWithDebInfo|x64.Build.0 = RelWithDebInfo|x64
	EndGlobalSection
	GlobalSection(ExtensibilityGlobals) = postSolution
		SolutionGuid = {B94C7D5E-6E61-37FF-A72D-1BCF8AA8FCFE}
	EndGlobalSection
	GlobalSection(ExtensibilityAddIns) = postSolution
	EndGlobalSection
EndGlobal
