
Microsoft Visual Studio Solution File, Format Version 12.00
# Visual Studio Version 16
Project("{8BC9CEB8-8B4A-11D0-8D11-00A0C91BC942}") = "ALL_BUILD", "ALL_BUILD.vcxproj", "{7859B705-7A0B-3F2F-8453-44855D922055}"
	ProjectSection(ProjectDependencies) = postProject
		{3DF93420-0861-3A62-BF19-123887A84ED1} = {3DF93420-0861-3A62-BF19-123887A84ED1}
		{AEB55919-AA14-3F29-98D8-E090B4AE07C3} = {AEB55919-AA14-3F29-98D8-E090B4AE07C3}
		{3EE9E57A-DF67-3A49-A7F3-F189DCDC969B} = {3EE9E57A-DF67-3A49-A7F3-F189DCDC969B}
		{27159DA9-FD1A-3485-973E-00EBE55A6CC6} = {27159DA9-FD1A-3485-973E-00EBE55A6CC6}
		{83E0487E-7695-373E-9F3E-2E8E975C9406} = {83E0487E-7695-373E-9F3E-2E8E975C9406}
	EndProjectSection
EndProject
Project("{8BC9CEB8-8B4A-11D0-8D11-00A0C91BC942}") = "AllTests", "test\AllTests.vcxproj", "{3DF93420-0861-3A62-BF19-123887A84ED1}"
	ProjectSection(ProjectDependencies) = postProject
		{3EE9E57A-DF67-3A49-A7F3-F189DCDC969B} = {3EE9E57A-DF67-3A49-A7F3-F189DCDC969B}
		{27159DA9-FD1A-3485-973E-00EBE55A6CC6} = {27159DA9-FD1A-3485-973E-00EBE55A6CC6}
		{83E0487E-7695-373E-9F3E-2E8E975C9406} = {83E0487E-7695-373E-9F3E-2E8E975C9406}
	EndProjectSection
EndProject
Project("{8BC9CEB8-8B4A-11D0-8D11-00A0C91BC942}") = "Application", "main\Application.vcxproj", "{AEB55919-AA14-3F29-98D8-E090B4AE07C3}"
	ProjectSection(ProjectDependencies) = postProject
		{3EE9E57A-DF67-3A49-A7F3-F189DCDC969B} = {3EE9E57A-DF67-3A49-A7F3-F189DCDC969B}
		{27159DA9-FD1A-3485-973E-00EBE55A6CC6} = {27159DA9-FD1A-3485-973E-00EBE55A6CC6}
	EndProjectSection
EndProject
Project("{8BC9CEB8-8B4A-11D0-8D11-00A0C91BC942}") = "LibName", "lib_example\LibName.vcxproj", "{3EE9E57A-DF67-3A49-A7F3-F189DCDC969B}"
	ProjectSection(ProjectDependencies) = postProject
		{27159DA9-FD1A-3485-973E-00EBE55A6CC6} = {27159DA9-FD1A-3485-973E-00EBE55A6CC6}
	EndProjectSection
EndProject
Project("{8BC9CEB8-8B4A-11D0-8D11-00A0C91BC942}") = "ZERO_CHECK", "ZERO_CHECK.vcxproj", "{27159DA9-FD1A-3485-973E-00EBE55A6CC6}"
	ProjectSection(ProjectDependencies) = postProject
	EndProjectSection
EndProject
Project("{8BC9CEB8-8B4A-11D0-8D11-00A0C91BC942}") = "gtest", "gtest\gtest.vcxproj", "{83E0487E-7695-373E-9F3E-2E8E975C9406}"
	ProjectSection(ProjectDependencies) = postProject
		{27159DA9-FD1A-3485-973E-00EBE55A6CC6} = {27159DA9-FD1A-3485-973E-00EBE55A6CC6}
	EndProjectSection
EndProject
Global
	GlobalSection(SolutionConfigurationPlatforms) = preSolution
		Debug|x64 = Debug|x64
		Release|x64 = Release|x64
		MinSizeRel|x64 = MinSizeRel|x64
		RelWithDebInfo|x64 = RelWithDebInfo|x64
	EndGlobalSection
	GlobalSection(ProjectConfigurationPlatforms) = postSolution
		{7859B705-7A0B-3F2F-8453-44855D922055}.Debug|x64.ActiveCfg = Debug|x64
		{7859B705-7A0B-3F2F-8453-44855D922055}.Release|x64.ActiveCfg = Release|x64
		{7859B705-7A0B-3F2F-8453-44855D922055}.MinSizeRel|x64.ActiveCfg = MinSizeRel|x64
		{7859B705-7A0B-3F2F-8453-44855D922055}.RelWithDebInfo|x64.ActiveCfg = RelWithDebInfo|x64
		{3DF93420-0861-3A62-BF19-123887A84ED1}.Debug|x64.ActiveCfg = Debug|x64
		{3DF93420-0861-3A62-BF19-123887A84ED1}.Debug|x64.Build.0 = Debug|x64
		{3DF93420-0861-3A62-BF19-123887A84ED1}.Release|x64.ActiveCfg = Release|x64
		{3DF93420-0861-3A62-BF19-123887A84ED1}.Release|x64.Build.0 = Release|x64
		{3DF93420-0861-3A62-BF19-123887A84ED1}.MinSizeRel|x64.ActiveCfg = MinSizeRel|x64
		{3DF93420-0861-3A62-BF19-123887A84ED1}.MinSizeRel|x64.Build.0 = MinSizeRel|x64
		{3DF93420-0861-3A62-BF19-123887A84ED1}.RelWithDebInfo|x64.ActiveCfg = RelWithDebInfo|x64
		{3DF93420-0861-3A62-BF19-123887A84ED1}.RelWithDebInfo|x64.Build.0 = RelWithDebInfo|x64
		{AEB55919-AA14-3F29-98D8-E090B4AE07C3}.Debug|x64.ActiveCfg = Debug|x64
		{AEB55919-AA14-3F29-98D8-E090B4AE07C3}.Debug|x64.Build.0 = Debug|x64
		{AEB55919-AA14-3F29-98D8-E090B4AE07C3}.Release|x64.ActiveCfg = Release|x64
		{AEB55919-AA14-3F29-98D8-E090B4AE07C3}.Release|x64.Build.0 = Release|x64
		{AEB55919-AA14-3F29-98D8-E090B4AE07C3}.MinSizeRel|x64.ActiveCfg = MinSizeRel|x64
		{AEB55919-AA14-3F29-98D8-E090B4AE07C3}.MinSizeRel|x64.Build.0 = MinSizeRel|x64
		{AEB55919-AA14-3F29-98D8-E090B4AE07C3}.RelWithDebInfo|x64.ActiveCfg = RelWithDebInfo|x64
		{AEB55919-AA14-3F29-98D8-E090B4AE07C3}.RelWithDebInfo|x64.Build.0 = RelWithDebInfo|x64
		{3EE9E57A-DF67-3A49-A7F3-F189DCDC969B}.Debug|x64.ActiveCfg = Debug|x64
		{3EE9E57A-DF67-3A49-A7F3-F189DCDC969B}.Debug|x64.Build.0 = Debug|x64
		{3EE9E57A-DF67-3A49-A7F3-F189DCDC969B}.Release|x64.ActiveCfg = Release|x64
		{3EE9E57A-DF67-3A49-A7F3-F189DCDC969B}.Release|x64.Build.0 = Release|x64
		{3EE9E57A-DF67-3A49-A7F3-F189DCDC969B}.MinSizeRel|x64.ActiveCfg = MinSizeRel|x64
		{3EE9E57A-DF67-3A49-A7F3-F189DCDC969B}.MinSizeRel|x64.Build.0 = MinSizeRel|x64
		{3EE9E57A-DF67-3A49-A7F3-F189DCDC969B}.RelWithDebInfo|x64.ActiveCfg = RelWithDebInfo|x64
		{3EE9E57A-DF67-3A49-A7F3-F189DCDC969B}.RelWithDebInfo|x64.Build.0 = RelWithDebInfo|x64
		{27159DA9-FD1A-3485-973E-00EBE55A6CC6}.Debug|x64.ActiveCfg = Debug|x64
		{27159DA9-FD1A-3485-973E-00EBE55A6CC6}.Debug|x64.Build.0 = Debug|x64
		{27159DA9-FD1A-3485-973E-00EBE55A6CC6}.Release|x64.ActiveCfg = Release|x64
		{27159DA9-FD1A-3485-973E-00EBE55A6CC6}.Release|x64.Build.0 = Release|x64
		{27159DA9-FD1A-3485-973E-00EBE55A6CC6}.MinSizeRel|x64.ActiveCfg = MinSizeRel|x64
		{27159DA9-FD1A-3485-973E-00EBE55A6CC6}.MinSizeRel|x64.Build.0 = MinSizeRel|x64
		{27159DA9-FD1A-3485-973E-00EBE55A6CC6}.RelWithDebInfo|x64.ActiveCfg = RelWithDebInfo|x64
		{27159DA9-FD1A-3485-973E-00EBE55A6CC6}.RelWithDebInfo|x64.Build.0 = RelWithDebInfo|x64
		{83E0487E-7695-373E-9F3E-2E8E975C9406}.Debug|x64.ActiveCfg = Debug|x64
		{83E0487E-7695-373E-9F3E-2E8E975C9406}.Debug|x64.Build.0 = Debug|x64
		{83E0487E-7695-373E-9F3E-2E8E975C9406}.Release|x64.ActiveCfg = Release|x64
		{83E0487E-7695-373E-9F3E-2E8E975C9406}.Release|x64.Build.0 = Release|x64
		{83E0487E-7695-373E-9F3E-2E8E975C9406}.MinSizeRel|x64.ActiveCfg = MinSizeRel|x64
		{83E0487E-7695-373E-9F3E-2E8E975C9406}.MinSizeRel|x64.Build.0 = MinSizeRel|x64
		{83E0487E-7695-373E-9F3E-2E8E975C9406}.RelWithDebInfo|x64.ActiveCfg = RelWithDebInfo|x64
		{83E0487E-7695-373E-9F3E-2E8E975C9406}.RelWithDebInfo|x64.Build.0 = RelWithDebInfo|x64
	EndGlobalSection
	GlobalSection(ExtensibilityGlobals) = postSolution
		SolutionGuid = {B122956B-75C2-3CCC-A22C-FB13E486BA65}
	EndGlobalSection
	GlobalSection(ExtensibilityAddIns) = postSolution
	EndGlobalSection
EndGlobal
