<?xml version="1.0" encoding="utf-8"?>
<Project ToolsVersion="16.0" xmlns="http://schemas.microsoft.com/developer/msbuild/2003">
  <ItemGroup>
    <CustomBuild Include="C:\GitHub\CMake-Template\sln\CMakeFiles\da8dc415afeb1b2feee19c34d8961b76\generate.stamp.rule">
      <Filter>CMake Rules</Filter>
    </CustomBuild>
  </ItemGroup>
  <ItemGroup>
    <Filter Include="CMake Rules">
      <UniqueIdentifier>{0369F67E-91C2-3443-8796-ED9928D9B228}</UniqueIdentifier>
    </Filter>
  </ItemGroup>
</Project>
